PODS:
  - Alamofire (4.7.0)
  - ENSwiftSideMenu (0.1.1)
  - FMDB (2.7.2):
    - FMDB/standard (= 2.7.2)
  - FMDB/standard (2.7.2)
  - GMStepper (2.1)
  - JBDatePicker (1.2.5)
  - JKSteppedProgressBar (0.3.0)
  - Parchment (1.1.0)
  - SwiftyGif (4.1.0)

DEPENDENCIES:
  - Alamofire (~> 4.7)
  - ENSwiftSideMenu (from `https://github.com/evnaz/ENSwiftSideMenu.git`, tag `0.1.3`)
  - FMDB
  - GMStepper
  - JBDatePicker
  - JKSteppedProgressBar
  - Parchment
  - SwiftyGif

SPEC REPOS:
  https://github.com/CocoaPods/Specs.git:
    - Alamofire
    - FMDB
    - GMStepper
    - JBDatePicker
    - JKSteppedProgressBar
    - Parchment
    - SwiftyGif

EXTERNAL SOURCES:
  ENSwiftSideMenu:
    :git: https://github.com/evnaz/ENSwiftSideMenu.git
    :tag: 0.1.3

CHECKOUT OPTIONS:
  ENSwiftSideMenu:
    :git: https://github.com/evnaz/ENSwiftSideMenu.git
    :tag: 0.1.3

SPEC CHECKSUMS:
  Alamofire: 907e0a98eb68cdb7f9d1f541a563d6ac5dc77b25
  ENSwiftSideMenu: c6acd4d9507e198044cddb316b06c350ee259a75
  FMDB: 6198a90e7b6900cfc046e6bc0ef6ebb7be9236aa
  GMStepper: 8994824040d57d952134e409b7724d05a1a41c18
  JBDatePicker: 0e791c8a79c49b0d37decea28ba147515bf5cfca
  JKSteppedProgressBar: c74bf22f355cbb42aef584e941c2abbbba0504eb
  Parchment: 88f4b2642a09f37ee314a7492067a9ce04edc3b8
  SwiftyGif: d36c6dfb52e2ca1e48fe349d225f50ec4123ec85

PODFILE CHECKSUM: 3997b0722848b5756731d05c827b16ec4b67a6e3

COCOAPODS: 1.5.0
